
Microsoft Visual Studio Solution File, Format Version 12.00
# Visual Studio Version 16
VisualStudioVersion = 16.0.30128.36
MinimumVisualStudioVersion = 10.0.40219.1
Project("{FAE04EC0-301F-11D3-BF4B-00C04F79EFBC}") = "jcly.web", "jcly.web\jcly.web.csproj", "{55CF5C90-CAC2-4C4C-A702-AADE88DC964E}"
EndProject
Global
	GlobalSection(SolutionConfigurationPlatforms) = preSolution
		Debug|Any CPU = Debug|Any CPU
		Release|Any CPU = Release|Any CPU
	EndGlobalSection
	GlobalSection(ProjectConfigurationPlatforms) = postSolution
		{55CF5C90-CAC2-4C4C-A702-AADE88DC964E}.Debug|Any CPU.ActiveCfg = Debug|Any CPU
		{55CF5C90-CAC2-4C4C-A702-AADE88DC964E}.Debug|Any CPU.Build.0 = Debug|Any CPU
		{55CF5C90-CAC2-4C4C-A702-AADE88DC964E}.Release|Any CPU.ActiveCfg = Release|Any CPU
		{55CF5C90-CAC2-4C4C-A702-AADE88DC964E}.Release|Any CPU.Build.0 = Release|Any CPU
	EndGlobalSection
	GlobalSection(SolutionProperties) = preSolution
		HideSolutionNode = FALSE
	EndGlobalSection
	GlobalSection(ExtensibilityGlobals) = postSolution
		SolutionGuid = {47ED985B-D6E0-4A60-B4EC-B64FF94248FD}
	EndGlobalSection
EndGlobal
